
Microsoft Visual Studio Solution File, Format Version 12.00
# Visual Studio Version 17
VisualStudioVersion = 17.0.31912.275
MinimumVisualStudioVersion = 10.0.40219.1
Project("{FAE04EC0-301F-11D3-BF4B-00C04F79EFBC}") = "TestPO_Laba3_Web", "TestPO_Laba3_Web\TestPO_Laba3_Web.csproj", "{9AC8F8CE-F266-4524-9FF5-B84DC65ACB8D}"
EndProject
Global
	GlobalSection(SolutionConfigurationPlatforms) = preSolution
		Debug|Any CPU = Debug|Any CPU
		Release|Any CPU = Release|Any CPU
	EndGlobalSection
	GlobalSection(ProjectConfigurationPlatforms) = postSolution
		{9AC8F8CE-F266-4524-9FF5-B84DC65ACB8D}.Debug|Any CPU.ActiveCfg = Debug|Any CPU
		{9AC8F8CE-F266-4524-9FF5-B84DC65ACB8D}.Debug|Any CPU.Build.0 = Debug|Any CPU
		{9AC8F8CE-F266-4524-9FF5-B84DC65ACB8D}.Release|Any CPU.ActiveCfg = Release|Any CPU
		{9AC8F8CE-F266-4524-9FF5-B84DC65ACB8D}.Release|Any CPU.Build.0 = Release|Any CPU
	EndGlobalSection
	GlobalSection(SolutionProperties) = preSolution
		HideSolutionNode = FALSE
	EndGlobalSection
	GlobalSection(ExtensibilityGlobals) = postSolution
		SolutionGuid = {EE1D86AA-C430-4767-A67B-515C304E9A71}
	EndGlobalSection
EndGlobal
